// !$*UTF8*$!
{
	archiveVersion = 1;
	classes = {
	};
	objectVersion = 56;
	objects = {

/* Begin PBXBuildFile section */
		1A10776B2C612F1100F7DA30 /* Modak.ttf in Resources */ = {isa = PBXBuildFile; fileRef = 1A10776A2C612F1100F7DA30 /* Modak.ttf */; };
		1A10776E2C6173D400F7DA30 /* PauseViewController.swift in Sources */ = {isa = PBXBuildFile; fileRef = 1A10776D2C6173D400F7DA30 /* PauseViewController.swift */; };
		1A1077702C6173FC00F7DA30 /* PauseView.swift in Sources */ = {isa = PBXBuildFile; fileRef = 1A10776F2C6173FC00F7DA30 /* PauseView.swift */; };
		1A1077732C628D7C00F7DA30 /* GameOverViewController.swift in Sources */ = {isa = PBXBuildFile; fileRef = 1A1077722C628D7C00F7DA30 /* GameOverViewController.swift */; };
		1A1077752C6294DA00F7DA30 /* GameOverView.swift in Sources */ = {isa = PBXBuildFile; fileRef = 1A1077742C6294DA00F7DA30 /* GameOverView.swift */; };
		1A1077772C62A15B00F7DA30 /* GameVC + GameScene.swift in Sources */ = {isa = PBXBuildFile; fileRef = 1A1077762C62A15B00F7DA30 /* GameVC + GameScene.swift */; };
		1A1077792C62A20A00F7DA30 /* GameOverViewModel.swift in Sources */ = {isa = PBXBuildFile; fileRef = 1A1077782C62A20A00F7DA30 /* GameOverViewModel.swift */; };
		1A10777B2C62A85000F7DA30 /* GameLevel.swift in Sources */ = {isa = PBXBuildFile; fileRef = 1A10777A2C62A85000F7DA30 /* GameLevel.swift */; };
		1A10777D2C62A87300F7DA30 /* Obstacle.swift in Sources */ = {isa = PBXBuildFile; fileRef = 1A10777C2C62A87300F7DA30 /* Obstacle.swift */; };
		1A10777F2C62A92C00F7DA30 /* LevelManager.swift in Sources */ = {isa = PBXBuildFile; fileRef = 1A10777E2C62A92C00F7DA30 /* LevelManager.swift */; };
		1A1077812C62AA4A00F7DA30 /* UserDataManager.swift in Sources */ = {isa = PBXBuildFile; fileRef = 1A1077802C62AA4A00F7DA30 /* UserDataManager.swift */; };
		1A1077832C62ABD600F7DA30 /* LevelData.swift in Sources */ = {isa = PBXBuildFile; fileRef = 1A1077822C62ABD600F7DA30 /* LevelData.swift */; };
		1A1077852C62B24600F7DA30 /* GameScene + levels.swift in Sources */ = {isa = PBXBuildFile; fileRef = 1A1077842C62B24600F7DA30 /* GameScene + levels.swift */; };
		1A2E33BA2C5BEAEA00F63057 /* AppDelegate.swift in Sources */ = {isa = PBXBuildFile; fileRef = 1A2E33B92C5BEAEA00F63057 /* AppDelegate.swift */; };
		1A2E33BC2C5BEAEA00F63057 /* SceneDelegate.swift in Sources */ = {isa = PBXBuildFile; fileRef = 1A2E33BB2C5BEAEA00F63057 /* SceneDelegate.swift */; };
		1A2E33C32C5BEAEC00F63057 /* Assets.xcassets in Resources */ = {isa = PBXBuildFile; fileRef = 1A2E33C22C5BEAEC00F63057 /* Assets.xcassets */; };
		1A2E33C62C5BEAEC00F63057 /* Base in Resources */ = {isa = PBXBuildFile; fileRef = 1A2E33C52C5BEAEC00F63057 /* Base */; };
		1A2E33D42C5BEBF200F63057 /* MainViewController.swift in Sources */ = {isa = PBXBuildFile; fileRef = 1A2E33D32C5BEBF200F63057 /* MainViewController.swift */; };
		1A2E33D62C5BEEC200F63057 /* Resources.swift in Sources */ = {isa = PBXBuildFile; fileRef = 1A2E33D52C5BEEC200F63057 /* Resources.swift */; };
		1A2E33DD2C5BF9B200F63057 /* RedHeaderView.swift in Sources */ = {isa = PBXBuildFile; fileRef = 1A2E33DC2C5BF9B200F63057 /* RedHeaderView.swift */; };
		1A2E33E02C5CFD5D00F63057 /* LoadingViewController.swift in Sources */ = {isa = PBXBuildFile; fileRef = 1A2E33DF2C5CFD5D00F63057 /* LoadingViewController.swift */; };
		1A2E33E32C5D06F600F63057 /* UIView + Ext.swift in Sources */ = {isa = PBXBuildFile; fileRef = 1A2E33E22C5D06F600F63057 /* UIView + Ext.swift */; };
		1A2E33E72C5D1EA300F63057 /* SettingsViewController.swift in Sources */ = {isa = PBXBuildFile; fileRef = 1A2E33E62C5D1EA300F63057 /* SettingsViewController.swift */; };
		1A2E33E92C5FE55800F63057 /* SettingsView.swift in Sources */ = {isa = PBXBuildFile; fileRef = 1A2E33E82C5FE55800F63057 /* SettingsView.swift */; };
		1A2E33EB2C5FEDB500F63057 /* MainView.swift in Sources */ = {isa = PBXBuildFile; fileRef = 1A2E33EA2C5FEDB500F63057 /* MainView.swift */; };
		1A2E33ED2C5FEE0E00F63057 /* MainView + Animation.swift in Sources */ = {isa = PBXBuildFile; fileRef = 1A2E33EC2C5FEE0E00F63057 /* MainView + Animation.swift */; };
		1A2E33EF2C5FEFF700F63057 /* SettingView + Animation.swift in Sources */ = {isa = PBXBuildFile; fileRef = 1A2E33EE2C5FEFF700F63057 /* SettingView + Animation.swift */; };
		1A2E33F22C5FFD1200F63057 /* LoaderView.swift in Sources */ = {isa = PBXBuildFile; fileRef = 1A2E33F12C5FFD1200F63057 /* LoaderView.swift */; };
		1A2E33F52C60096B00F63057 /* LevelsViewController.swift in Sources */ = {isa = PBXBuildFile; fileRef = 1A2E33F42C60096B00F63057 /* LevelsViewController.swift */; };
		1A2E33F72C60097800F63057 /* LevelsView.swift in Sources */ = {isa = PBXBuildFile; fileRef = 1A2E33F62C60097800F63057 /* LevelsView.swift */; };
		1A2E33FC2C6019B500F63057 /* LevelsVC + CollectionView.swift in Sources */ = {isa = PBXBuildFile; fileRef = 1A2E33FB2C6019B500F63057 /* LevelsVC + CollectionView.swift */; };
		1A2E33FE2C601B3700F63057 /* LevelCollectionViewCell.swift in Sources */ = {isa = PBXBuildFile; fileRef = 1A2E33FD2C601B3700F63057 /* LevelCollectionViewCell.swift */; };
		1A2E34052C6116C600F63057 /* GameScene.swift in Sources */ = {isa = PBXBuildFile; fileRef = 1A2E34042C6116C500F63057 /* GameScene.swift */; };
		1A2E34072C6117B600F63057 /* GameViewController.swift in Sources */ = {isa = PBXBuildFile; fileRef = 1A2E34062C6117B600F63057 /* GameViewController.swift */; };
		1A2E34092C611E1C00F63057 /* GameView.swift in Sources */ = {isa = PBXBuildFile; fileRef = 1A2E34082C611E1C00F63057 /* GameView.swift */; };
/* End PBXBuildFile section */

/* Begin PBXFileReference section */
		1A10776A2C612F1100F7DA30 /* Modak.ttf */ = {isa = PBXFileReference; lastKnownFileType = file; name = Modak.ttf; path = "../../../Downloads/Modak 2/Modak.ttf"; sourceTree = "<group>"; };
		1A10776D2C6173D400F7DA30 /* PauseViewController.swift */ = {isa = PBXFileReference; lastKnownFileType = sourcecode.swift; path = PauseViewController.swift; sourceTree = "<group>"; };
		1A10776F2C6173FC00F7DA30 /* PauseView.swift */ = {isa = PBXFileReference; lastKnownFileType = sourcecode.swift; path = PauseView.swift; sourceTree = "<group>"; };
		1A1077722C628D7C00F7DA30 /* GameOverViewController.swift */ = {isa = PBXFileReference; lastKnownFileType = sourcecode.swift; path = GameOverViewController.swift; sourceTree = "<group>"; };
		1A1077742C6294DA00F7DA30 /* GameOverView.swift */ = {isa = PBXFileReference; lastKnownFileType = sourcecode.swift; path = GameOverView.swift; sourceTree = "<group>"; };
		1A1077762C62A15B00F7DA30 /* GameVC + GameScene.swift */ = {isa = PBXFileReference; lastKnownFileType = sourcecode.swift; path = "GameVC + GameScene.swift"; sourceTree = "<group>"; };
		1A1077782C62A20A00F7DA30 /* GameOverViewModel.swift */ = {isa = PBXFileReference; lastKnownFileType = sourcecode.swift; path = GameOverViewModel.swift; sourceTree = "<group>"; };
		1A10777A2C62A85000F7DA30 /* GameLevel.swift */ = {isa = PBXFileReference; lastKnownFileType = sourcecode.swift; path = GameLevel.swift; sourceTree = "<group>"; };
		1A10777C2C62A87300F7DA30 /* Obstacle.swift */ = {isa = PBXFileReference; lastKnownFileType = sourcecode.swift; path = Obstacle.swift; sourceTree = "<group>"; };
		1A10777E2C62A92C00F7DA30 /* LevelManager.swift */ = {isa = PBXFileReference; lastKnownFileType = sourcecode.swift; path = LevelManager.swift; sourceTree = "<group>"; };
		1A1077802C62AA4A00F7DA30 /* UserDataManager.swift */ = {isa = PBXFileReference; lastKnownFileType = sourcecode.swift; path = UserDataManager.swift; sourceTree = "<group>"; };
		1A1077822C62ABD600F7DA30 /* LevelData.swift */ = {isa = PBXFileReference; lastKnownFileType = sourcecode.swift; path = LevelData.swift; sourceTree = "<group>"; };
		1A1077842C62B24600F7DA30 /* GameScene + levels.swift */ = {isa = PBXFileReference; lastKnownFileType = sourcecode.swift; path = "GameScene + levels.swift"; sourceTree = "<group>"; };
		1A2E33B62C5BEAEA00F63057 /* Game1.app */ = {isa = PBXFileReference; explicitFileType = wrapper.application; includeInIndex = 0; path = Game1.app; sourceTree = BUILT_PRODUCTS_DIR; };
		1A2E33B92C5BEAEA00F63057 /* AppDelegate.swift */ = {isa = PBXFileReference; lastKnownFileType = sourcecode.swift; path = AppDelegate.swift; sourceTree = "<group>"; };
		1A2E33BB2C5BEAEA00F63057 /* SceneDelegate.swift */ = {isa = PBXFileReference; lastKnownFileType = sourcecode.swift; path = SceneDelegate.swift; sourceTree = "<group>"; };
		1A2E33C22C5BEAEC00F63057 /* Assets.xcassets */ = {isa = PBXFileReference; lastKnownFileType = folder.assetcatalog; path = Assets.xcassets; sourceTree = "<group>"; };
		1A2E33C52C5BEAEC00F63057 /* Base */ = {isa = PBXFileReference; lastKnownFileType = file.storyboard; name = Base; path = Base.lproj/LaunchScreen.storyboard; sourceTree = "<group>"; };
		1A2E33C72C5BEAEC00F63057 /* Info.plist */ = {isa = PBXFileReference; lastKnownFileType = text.plist.xml; path = Info.plist; sourceTree = "<group>"; };
		1A2E33D32C5BEBF200F63057 /* MainViewController.swift */ = {isa = PBXFileReference; lastKnownFileType = sourcecode.swift; path = MainViewController.swift; sourceTree = "<group>"; };
		1A2E33D52C5BEEC200F63057 /* Resources.swift */ = {isa = PBXFileReference; lastKnownFileType = sourcecode.swift; path = Resources.swift; sourceTree = "<group>"; };
		1A2E33DC2C5BF9B200F63057 /* RedHeaderView.swift */ = {isa = PBXFileReference; lastKnownFileType = sourcecode.swift; path = RedHeaderView.swift; sourceTree = "<group>"; };
		1A2E33DF2C5CFD5D00F63057 /* LoadingViewController.swift */ = {isa = PBXFileReference; lastKnownFileType = sourcecode.swift; path = LoadingViewController.swift; sourceTree = "<group>"; };
		1A2E33E22C5D06F600F63057 /* UIView + Ext.swift */ = {isa = PBXFileReference; lastKnownFileType = sourcecode.swift; path = "UIView + Ext.swift"; sourceTree = "<group>"; };
		1A2E33E62C5D1EA300F63057 /* SettingsViewController.swift */ = {isa = PBXFileReference; lastKnownFileType = sourcecode.swift; path = SettingsViewController.swift; sourceTree = "<group>"; };
		1A2E33E82C5FE55800F63057 /* SettingsView.swift */ = {isa = PBXFileReference; lastKnownFileType = sourcecode.swift; path = SettingsView.swift; sourceTree = "<group>"; };
		1A2E33EA2C5FEDB500F63057 /* MainView.swift */ = {isa = PBXFileReference; lastKnownFileType = sourcecode.swift; path = MainView.swift; sourceTree = "<group>"; };
		1A2E33EC2C5FEE0E00F63057 /* MainView + Animation.swift */ = {isa = PBXFileReference; lastKnownFileType = sourcecode.swift; path = "MainView + Animation.swift"; sourceTree = "<group>"; };
		1A2E33EE2C5FEFF700F63057 /* SettingView + Animation.swift */ = {isa = PBXFileReference; lastKnownFileType = sourcecode.swift; path = "SettingView + Animation.swift"; sourceTree = "<group>"; };
		1A2E33F12C5FFD1200F63057 /* LoaderView.swift */ = {isa = PBXFileReference; lastKnownFileType = sourcecode.swift; path = LoaderView.swift; sourceTree = "<group>"; };
		1A2E33F42C60096B00F63057 /* LevelsViewController.swift */ = {isa = PBXFileReference; lastKnownFileType = sourcecode.swift; path = LevelsViewController.swift; sourceTree = "<group>"; };
		1A2E33F62C60097800F63057 /* LevelsView.swift */ = {isa = PBXFileReference; lastKnownFileType = sourcecode.swift; path = LevelsView.swift; sourceTree = "<group>"; };
		1A2E33FB2C6019B500F63057 /* LevelsVC + CollectionView.swift */ = {isa = PBXFileReference; lastKnownFileType = sourcecode.swift; path = "LevelsVC + CollectionView.swift"; sourceTree = "<group>"; };
		1A2E33FD2C601B3700F63057 /* LevelCollectionViewCell.swift */ = {isa = PBXFileReference; lastKnownFileType = sourcecode.swift; path = LevelCollectionViewCell.swift; sourceTree = "<group>"; };
		1A2E34042C6116C500F63057 /* GameScene.swift */ = {isa = PBXFileReference; lastKnownFileType = sourcecode.swift; path = GameScene.swift; sourceTree = "<group>"; };
		1A2E34062C6117B600F63057 /* GameViewController.swift */ = {isa = PBXFileReference; lastKnownFileType = sourcecode.swift; path = GameViewController.swift; sourceTree = "<group>"; };
		1A2E34082C611E1C00F63057 /* GameView.swift */ = {isa = PBXFileReference; lastKnownFileType = sourcecode.swift; path = GameView.swift; sourceTree = "<group>"; };
/* End PBXFileReference section */

/* Begin PBXFrameworksBuildPhase section */
		1A2E33B32C5BEAEA00F63057 /* Frameworks */ = {
			isa = PBXFrameworksBuildPhase;
			buildActionMask = 2147483647;
			files = (
			);
			runOnlyForDeploymentPostprocessing = 0;
		};
/* End PBXFrameworksBuildPhase section */

/* Begin PBXGroup section */
		1A1077692C612EC200F7DA30 /* Fonts */ = {
			isa = PBXGroup;
			children = (
			);
			path = Fonts;
			sourceTree = "<group>";
		};
		1A10776C2C6173BE00F7DA30 /* PauseView */ = {
			isa = PBXGroup;
			children = (
				1A10776D2C6173D400F7DA30 /* PauseViewController.swift */,
				1A10776F2C6173FC00F7DA30 /* PauseView.swift */,
			);
			path = PauseView;
			sourceTree = "<group>";
		};
		1A1077712C628D6100F7DA30 /* GameOverView */ = {
			isa = PBXGroup;
			children = (
				1A1077722C628D7C00F7DA30 /* GameOverViewController.swift */,
				1A1077742C6294DA00F7DA30 /* GameOverView.swift */,
			);
			path = GameOverView;
			sourceTree = "<group>";
		};
		1A2E33AD2C5BEAEA00F63057 = {
			isa = PBXGroup;
			children = (
				1A2E33B82C5BEAEA00F63057 /* Game1 */,
				1A2E33B72C5BEAEA00F63057 /* Products */,
			);
			sourceTree = "<group>";
		};
		1A2E33B72C5BEAEA00F63057 /* Products */ = {
			isa = PBXGroup;
			children = (
				1A2E33B62C5BEAEA00F63057 /* Game1.app */,
			);
			name = Products;
			sourceTree = "<group>";
		};
		1A2E33B82C5BEAEA00F63057 /* Game1 */ = {
			isa = PBXGroup;
			children = (
				1A10776A2C612F1100F7DA30 /* Modak.ttf */,
				1A1077692C612EC200F7DA30 /* Fonts */,
				1A2E33CD2C5BEBC200F63057 /* Model */,
				1A2E33CE2C5BEBC800F63057 /* View */,
				1A2E33CF2C5BEBCC00F63057 /* ViewModel */,
				1A2E33B92C5BEAEA00F63057 /* AppDelegate.swift */,
				1A2E33BB2C5BEAEA00F63057 /* SceneDelegate.swift */,
				1A2E33C22C5BEAEC00F63057 /* Assets.xcassets */,
				1A2E33C42C5BEAEC00F63057 /* LaunchScreen.storyboard */,
				1A2E33C72C5BEAEC00F63057 /* Info.plist */,
				1A2E33D52C5BEEC200F63057 /* Resources.swift */,
			);
			path = Game1;
			sourceTree = "<group>";
		};
		1A2E33CD2C5BEBC200F63057 /* Model */ = {
			isa = PBXGroup;
			children = (
				1A2E33E12C5D06E500F63057 /* Extensions */,
				1A10777A2C62A85000F7DA30 /* GameLevel.swift */,
				1A10777C2C62A87300F7DA30 /* Obstacle.swift */,
				1A10777E2C62A92C00F7DA30 /* LevelManager.swift */,
				1A1077802C62AA4A00F7DA30 /* UserDataManager.swift */,
				1A1077822C62ABD600F7DA30 /* LevelData.swift */,
			);
			path = Model;
			sourceTree = "<group>";
		};
		1A2E33CE2C5BEBC800F63057 /* View */ = {
			isa = PBXGroup;
			children = (
				1A1077712C628D6100F7DA30 /* GameOverView */,
				1A10776C2C6173BE00F7DA30 /* PauseView */,
				1A2E33FF2C61165600F63057 /* GameView */,
				1A2E33F82C6014DD00F63057 /* Cells */,
				1A2E33F32C60095500F63057 /* LevelsView */,
				1A2E33E52C5D1E9500F63057 /* SettingsView */,
				1A2E33E42C5D1E8D00F63057 /* LoadingView */,
				1A2E33D22C5BEBE700F63057 /* MainView */,
			);
			path = View;
			sourceTree = "<group>";
		};
		1A2E33CF2C5BEBCC00F63057 /* ViewModel */ = {
			isa = PBXGroup;
			children = (
				1A1077782C62A20A00F7DA30 /* GameOverViewModel.swift */,
			);
			path = ViewModel;
			sourceTree = "<group>";
		};
		1A2E33D22C5BEBE700F63057 /* MainView */ = {
			isa = PBXGroup;
			children = (
				1A2E33DE2C5BFA1300F63057 /* Cells */,
				1A2E33D32C5BEBF200F63057 /* MainViewController.swift */,
				1A2E33EA2C5FEDB500F63057 /* MainView.swift */,
				1A2E33EC2C5FEE0E00F63057 /* MainView + Animation.swift */,
			);
			path = MainView;
			sourceTree = "<group>";
		};
		1A2E33DE2C5BFA1300F63057 /* Cells */ = {
			isa = PBXGroup;
			children = (
				1A2E33DC2C5BF9B200F63057 /* RedHeaderView.swift */,
			);
			path = Cells;
			sourceTree = "<group>";
		};
		1A2E33E12C5D06E500F63057 /* Extensions */ = {
			isa = PBXGroup;
			children = (
				1A2E33E22C5D06F600F63057 /* UIView + Ext.swift */,
			);
			path = Extensions;
			sourceTree = "<group>";
		};
		1A2E33E42C5D1E8D00F63057 /* LoadingView */ = {
			isa = PBXGroup;
			children = (
				1A2E33F02C5FFD0800F63057 /* Cells */,
				1A2E33DF2C5CFD5D00F63057 /* LoadingViewController.swift */,
			);
			path = LoadingView;
			sourceTree = "<group>";
		};
		1A2E33E52C5D1E9500F63057 /* SettingsView */ = {
			isa = PBXGroup;
			children = (
				1A2E33E62C5D1EA300F63057 /* SettingsViewController.swift */,
				1A2E33E82C5FE55800F63057 /* SettingsView.swift */,
				1A2E33EE2C5FEFF700F63057 /* SettingView + Animation.swift */,
			);
			path = SettingsView;
			sourceTree = "<group>";
		};
		1A2E33F02C5FFD0800F63057 /* Cells */ = {
			isa = PBXGroup;
			children = (
				1A2E33F12C5FFD1200F63057 /* LoaderView.swift */,
			);
			path = Cells;
			sourceTree = "<group>";
		};
		1A2E33F32C60095500F63057 /* LevelsView */ = {
			isa = PBXGroup;
			children = (
				1A2E33F62C60097800F63057 /* LevelsView.swift */,
				1A2E33F42C60096B00F63057 /* LevelsViewController.swift */,
				1A2E33FB2C6019B500F63057 /* LevelsVC + CollectionView.swift */,
				1A2E33FD2C601B3700F63057 /* LevelCollectionViewCell.swift */,
			);
			path = LevelsView;
			sourceTree = "<group>";
		};
		1A2E33F82C6014DD00F63057 /* Cells */ = {
			isa = PBXGroup;
			children = (
			);
			path = Cells;
			sourceTree = "<group>";
		};
		1A2E33FF2C61165600F63057 /* GameView */ = {
			isa = PBXGroup;
			children = (
				1A2E34042C6116C500F63057 /* GameScene.swift */,
				1A2E34062C6117B600F63057 /* GameViewController.swift */,
				1A2E34082C611E1C00F63057 /* GameView.swift */,
				1A1077762C62A15B00F7DA30 /* GameVC + GameScene.swift */,
				1A1077842C62B24600F7DA30 /* GameScene + levels.swift */,
			);
			path = GameView;
			sourceTree = "<group>";
		};
/* End PBXGroup section */

/* Begin PBXNativeTarget section */
		1A2E33B52C5BEAEA00F63057 /* Game1 */ = {
			isa = PBXNativeTarget;
			buildConfigurationList = 1A2E33CA2C5BEAEC00F63057 /* Build configuration list for PBXNativeTarget "Game1" */;
			buildPhases = (
				1A2E33B22C5BEAEA00F63057 /* Sources */,
				1A2E33B32C5BEAEA00F63057 /* Frameworks */,
				1A2E33B42C5BEAEA00F63057 /* Resources */,
			);
			buildRules = (
			);
			dependencies = (
			);
			name = Game1;
			packageProductDependencies = (
			);
			productName = Game1;
			productReference = 1A2E33B62C5BEAEA00F63057 /* Game1.app */;
			productType = "com.apple.product-type.application";
		};
/* End PBXNativeTarget section */

/* Begin PBXProject section */
		1A2E33AE2C5BEAEA00F63057 /* Project object */ = {
			isa = PBXProject;
			attributes = {
				BuildIndependentTargetsInParallel = 1;
				LastSwiftUpdateCheck = 1540;
				LastUpgradeCheck = 1540;
				TargetAttributes = {
					1A2E33B52C5BEAEA00F63057 = {
						CreatedOnToolsVersion = 15.4;
					};
				};
			};
			buildConfigurationList = 1A2E33B12C5BEAEA00F63057 /* Build configuration list for PBXProject "Game1" */;
			compatibilityVersion = "Xcode 14.0";
			developmentRegion = en;
			hasScannedForEncodings = 0;
			knownRegions = (
				en,
				Base,
			);
			mainGroup = 1A2E33AD2C5BEAEA00F63057;
			packageReferences = (
			);
			productRefGroup = 1A2E33B72C5BEAEA00F63057 /* Products */;
			projectDirPath = "";
			projectRoot = "";
			targets = (
				1A2E33B52C5BEAEA00F63057 /* Game1 */,
			);
		};
/* End PBXProject section */

/* Begin PBXResourcesBuildPhase section */
		1A2E33B42C5BEAEA00F63057 /* Resources */ = {
			isa = PBXResourcesBuildPhase;
			buildActionMask = 2147483647;
			files = (
				1A2E33C32C5BEAEC00F63057 /* Assets.xcassets in Resources */,
				1A10776B2C612F1100F7DA30 /* Modak.ttf in Resources */,
				1A2E33C62C5BEAEC00F63057 /* Base in Resources */,
			);
			runOnlyForDeploymentPostprocessing = 0;
		};
/* End PBXResourcesBuildPhase section */

/* Begin PBXSourcesBuildPhase section */
		1A2E33B22C5BEAEA00F63057 /* Sources */ = {
			isa = PBXSourcesBuildPhase;
			buildActionMask = 2147483647;
			files = (
				1A2E34072C6117B600F63057 /* GameViewController.swift in Sources */,
				1A2E33ED2C5FEE0E00F63057 /* MainView + Animation.swift in Sources */,
				1A1077812C62AA4A00F7DA30 /* UserDataManager.swift in Sources */,
				1A2E34052C6116C600F63057 /* GameScene.swift in Sources */,
				1A2E33F72C60097800F63057 /* LevelsView.swift in Sources */,
				1A2E33E02C5CFD5D00F63057 /* LoadingViewController.swift in Sources */,
				1A10776E2C6173D400F7DA30 /* PauseViewController.swift in Sources */,
				1A2E33E32C5D06F600F63057 /* UIView + Ext.swift in Sources */,
				1A1077832C62ABD600F7DA30 /* LevelData.swift in Sources */,
				1A10777B2C62A85000F7DA30 /* GameLevel.swift in Sources */,
				1A2E33DD2C5BF9B200F63057 /* RedHeaderView.swift in Sources */,
				1A2E33BA2C5BEAEA00F63057 /* AppDelegate.swift in Sources */,
				1A1077702C6173FC00F7DA30 /* PauseView.swift in Sources */,
				1A2E33F52C60096B00F63057 /* LevelsViewController.swift in Sources */,
				1A2E33EF2C5FEFF700F63057 /* SettingView + Animation.swift in Sources */,
				1A2E33FE2C601B3700F63057 /* LevelCollectionViewCell.swift in Sources */,
				1A10777D2C62A87300F7DA30 /* Obstacle.swift in Sources */,
				1A1077852C62B24600F7DA30 /* GameScene + levels.swift in Sources */,
				1A2E33E92C5FE55800F63057 /* SettingsView.swift in Sources */,
				1A2E34092C611E1C00F63057 /* GameView.swift in Sources */,
				1A2E33D62C5BEEC200F63057 /* Resources.swift in Sources */,
				1A2E33FC2C6019B500F63057 /* LevelsVC + CollectionView.swift in Sources */,
				1A2E33F22C5FFD1200F63057 /* LoaderView.swift in Sources */,
				1A2E33EB2C5FEDB500F63057 /* MainView.swift in Sources */,
				1A1077772C62A15B00F7DA30 /* GameVC + GameScene.swift in Sources */,
				1A1077792C62A20A00F7DA30 /* GameOverViewModel.swift in Sources */,
				1A1077732C628D7C00F7DA30 /* GameOverViewController.swift in Sources */,
				1A2E33BC2C5BEAEA00F63057 /* SceneDelegate.swift in Sources */,
				1A2E33D42C5BEBF200F63057 /* MainViewController.swift in Sources */,
				1A10777F2C62A92C00F7DA30 /* LevelManager.swift in Sources */,
				1A1077752C6294DA00F7DA30 /* GameOverView.swift in Sources */,
				1A2E33E72C5D1EA300F63057 /* SettingsViewController.swift in Sources */,
			);
			runOnlyForDeploymentPostprocessing = 0;
		};
/* End PBXSourcesBuildPhase section */

/* Begin PBXVariantGroup section */
		1A2E33C42C5BEAEC00F63057 /* LaunchScreen.storyboard */ = {
			isa = PBXVariantGroup;
			children = (
				1A2E33C52C5BEAEC00F63057 /* Base */,
			);
			name = LaunchScreen.storyboard;
			sourceTree = "<group>";
		};
/* End PBXVariantGroup section */

/* Begin XCBuildConfiguration section */
		1A2E33C82C5BEAEC00F63057 /* Debug */ = {
			isa = XCBuildConfiguration;
			buildSettings = {
				ALWAYS_SEARCH_USER_PATHS = NO;
				ASSETCATALOG_COMPILER_GENERATE_SWIFT_ASSET_SYMBOL_EXTENSIONS = YES;
				CLANG_ANALYZER_NONNULL = YES;
				CLANG_ANALYZER_NUMBER_OBJECT_CONVERSION = YES_AGGRESSIVE;
				CLANG_CXX_LANGUAGE_STANDARD = "gnu++20";
				CLANG_ENABLE_MODULES = YES;
				CLANG_ENABLE_OBJC_ARC = YES;
				CLANG_ENABLE_OBJC_WEAK = YES;
				CLANG_WARN_BLOCK_CAPTURE_AUTORELEASING = YES;
				CLANG_WARN_BOOL_CONVERSION = YES;
				CLANG_WARN_COMMA = YES;
				CLANG_WARN_CONSTANT_CONVERSION = YES;
				CLANG_WARN_DEPRECATED_OBJC_IMPLEMENTATIONS = YES;
				CLANG_WARN_DIRECT_OBJC_ISA_USAGE = YES_ERROR;
				CLANG_WARN_DOCUMENTATION_COMMENTS = YES;
				CLANG_WARN_EMPTY_BODY = YES;
				CLANG_WARN_ENUM_CONVERSION = YES;
				CLANG_WARN_INFINITE_RECURSION = YES;
				CLANG_WARN_INT_CONVERSION = YES;
				CLANG_WARN_NON_LITERAL_NULL_CONVERSION = YES;
				CLANG_WARN_OBJC_IMPLICIT_RETAIN_SELF = YES;
				CLANG_WARN_OBJC_LITERAL_CONVERSION = YES;
				CLANG_WARN_OBJC_ROOT_CLASS = YES_ERROR;
				CLANG_WARN_QUOTED_INCLUDE_IN_FRAMEWORK_HEADER = YES;
				CLANG_WARN_RANGE_LOOP_ANALYSIS = YES;
				CLANG_WARN_STRICT_PROTOTYPES = YES;
				CLANG_WARN_SUSPICIOUS_MOVE = YES;
				CLANG_WARN_UNGUARDED_AVAILABILITY = YES_AGGRESSIVE;
				CLANG_WARN_UNREACHABLE_CODE = YES;
				CLANG_WARN__DUPLICATE_METHOD_MATCH = YES;
				COPY_PHASE_STRIP = NO;
				DEBUG_INFORMATION_FORMAT = dwarf;
				ENABLE_STRICT_OBJC_MSGSEND = YES;
				ENABLE_TESTABILITY = YES;
				ENABLE_USER_SCRIPT_SANDBOXING = YES;
				GCC_C_LANGUAGE_STANDARD = gnu17;
				GCC_DYNAMIC_NO_PIC = NO;
				GCC_NO_COMMON_BLOCKS = YES;
				GCC_OPTIMIZATION_LEVEL = 0;
				GCC_PREPROCESSOR_DEFINITIONS = (
					"DEBUG=1",
					"$(inherited)",
				);
				GCC_WARN_64_TO_32_BIT_CONVERSION = YES;
				GCC_WARN_ABOUT_RETURN_TYPE = YES_ERROR;
				GCC_WARN_UNDECLARED_SELECTOR = YES;
				GCC_WARN_UNINITIALIZED_AUTOS = YES_AGGRESSIVE;
				GCC_WARN_UNUSED_FUNCTION = YES;
				GCC_WARN_UNUSED_VARIABLE = YES;
				IPHONEOS_DEPLOYMENT_TARGET = 17.5;
				LOCALIZATION_PREFERS_STRING_CATALOGS = YES;
				MTL_ENABLE_DEBUG_INFO = INCLUDE_SOURCE;
				MTL_FAST_MATH = YES;
				ONLY_ACTIVE_ARCH = YES;
				SDKROOT = iphoneos;
				SWIFT_ACTIVE_COMPILATION_CONDITIONS = "DEBUG $(inherited)";
				SWIFT_OPTIMIZATION_LEVEL = "-Onone";
			};
			name = Debug;
		};
		1A2E33C92C5BEAEC00F63057 /* Release */ = {
			isa = XCBuildConfiguration;
			buildSettings = {
				ALWAYS_SEARCH_USER_PATHS = NO;
				ASSETCATALOG_COMPILER_GENERATE_SWIFT_ASSET_SYMBOL_EXTENSIONS = YES;
				CLANG_ANALYZER_NONNULL = YES;
				CLANG_ANALYZER_NUMBER_OBJECT_CONVERSION = YES_AGGRESSIVE;
				CLANG_CXX_LANGUAGE_STANDARD = "gnu++20";
				CLANG_ENABLE_MODULES = YES;
				CLANG_ENABLE_OBJC_ARC = YES;
				CLANG_ENABLE_OBJC_WEAK = YES;
				CLANG_WARN_BLOCK_CAPTURE_AUTORELEASING = YES;
				CLANG_WARN_BOOL_CONVERSION = YES;
				CLANG_WARN_COMMA = YES;
				CLANG_WARN_CONSTANT_CONVERSION = YES;
				CLANG_WARN_DEPRECATED_OBJC_IMPLEMENTATIONS = YES;
				CLANG_WARN_DIRECT_OBJC_ISA_USAGE = YES_ERROR;
				CLANG_WARN_DOCUMENTATION_COMMENTS = YES;
				CLANG_WARN_EMPTY_BODY = YES;
				CLANG_WARN_ENUM_CONVERSION = YES;
				CLANG_WARN_INFINITE_RECURSION = YES;
				CLANG_WARN_INT_CONVERSION = YES;
				CLANG_WARN_NON_LITERAL_NULL_CONVERSION = YES;
				CLANG_WARN_OBJC_IMPLICIT_RETAIN_SELF = YES;
				CLANG_WARN_OBJC_LITERAL_CONVERSION = YES;
				CLANG_WARN_OBJC_ROOT_CLASS = YES_ERROR;
				CLANG_WARN_QUOTED_INCLUDE_IN_FRAMEWORK_HEADER = YES;
				CLANG_WARN_RANGE_LOOP_ANALYSIS = YES;
				CLANG_WARN_STRICT_PROTOTYPES = YES;
				CLANG_WARN_SUSPICIOUS_MOVE = YES;
				CLANG_WARN_UNGUARDED_AVAILABILITY = YES_AGGRESSIVE;
				CLANG_WARN_UNREACHABLE_CODE = YES;
				CLANG_WARN__DUPLICATE_METHOD_MATCH = YES;
				COPY_PHASE_STRIP = NO;
				DEBUG_INFORMATION_FORMAT = "dwarf-with-dsym";
				ENABLE_NS_ASSERTIONS = NO;
				ENABLE_STRICT_OBJC_MSGSEND = YES;
				ENABLE_USER_SCRIPT_SANDBOXING = YES;
				GCC_C_LANGUAGE_STANDARD = gnu17;
				GCC_NO_COMMON_BLOCKS = YES;
				GCC_WARN_64_TO_32_BIT_CONVERSION = YES;
				GCC_WARN_ABOUT_RETURN_TYPE = YES_ERROR;
				GCC_WARN_UNDECLARED_SELECTOR = YES;
				GCC_WARN_UNINITIALIZED_AUTOS = YES_AGGRESSIVE;
				GCC_WARN_UNUSED_FUNCTION = YES;
				GCC_WARN_UNUSED_VARIABLE = YES;
				IPHONEOS_DEPLOYMENT_TARGET = 17.5;
				LOCALIZATION_PREFERS_STRING_CATALOGS = YES;
				MTL_ENABLE_DEBUG_INFO = NO;
				MTL_FAST_MATH = YES;
				SDKROOT = iphoneos;
				SWIFT_COMPILATION_MODE = wholemodule;
				VALIDATE_PRODUCT = YES;
			};
			name = Release;
		};
		1A2E33CB2C5BEAEC00F63057 /* Debug */ = {
			isa = XCBuildConfiguration;
			buildSettings = {
				ASSETCATALOG_COMPILER_APPICON_NAME = AppIcon;
				ASSETCATALOG_COMPILER_GLOBAL_ACCENT_COLOR_NAME = AccentColor;
				CODE_SIGN_STYLE = Automatic;
				CURRENT_PROJECT_VERSION = 1;
				GENERATE_INFOPLIST_FILE = YES;
				INFOPLIST_FILE = Game1/Info.plist;
				INFOPLIST_KEY_UIApplicationSupportsIndirectInputEvents = YES;
				INFOPLIST_KEY_UILaunchStoryboardName = LaunchScreen;
				INFOPLIST_KEY_UISupportedInterfaceOrientations_iPad = "UIInterfaceOrientationPortrait UIInterfaceOrientationPortraitUpsideDown UIInterfaceOrientationLandscapeLeft UIInterfaceOrientationLandscapeRight";
				INFOPLIST_KEY_UISupportedInterfaceOrientations_iPhone = "UIInterfaceOrientationPortrait UIInterfaceOrientationLandscapeLeft UIInterfaceOrientationLandscapeRight";
				IPHONEOS_DEPLOYMENT_TARGET = 14.0;
				LD_RUNPATH_SEARCH_PATHS = (
					"$(inherited)",
					"@executable_path/Frameworks",
				);
				MARKETING_VERSION = 1.0;
				PRODUCT_BUNDLE_IDENTIFIER = com.aleksandr.Game1;
				PRODUCT_NAME = "$(TARGET_NAME)";
				SWIFT_EMIT_LOC_STRINGS = YES;
				SWIFT_VERSION = 5.0;
				TARGETED_DEVICE_FAMILY = "1,2";
			};
			name = Debug;
		};
		1A2E33CC2C5BEAEC00F63057 /* Release */ = {
			isa = XCBuildConfiguration;
			buildSettings = {
				ASSETCATALOG_COMPILER_APPICON_NAME = AppIcon;
				ASSETCATALOG_COMPILER_GLOBAL_ACCENT_COLOR_NAME = AccentColor;
				CODE_SIGN_STYLE = Automatic;
				CURRENT_PROJECT_VERSION = 1;
				GENERATE_INFOPLIST_FILE = YES;
				INFOPLIST_FILE = Game1/Info.plist;
				INFOPLIST_KEY_UIApplicationSupportsIndirectInputEvents = YES;
				INFOPLIST_KEY_UILaunchStoryboardName = LaunchScreen;
				INFOPLIST_KEY_UISupportedInterfaceOrientations_iPad = "UIInterfaceOrientationPortrait UIInterfaceOrientationPortraitUpsideDown UIInterfaceOrientationLandscapeLeft UIInterfaceOrientationLandscapeRight";
				INFOPLIST_KEY_UISupportedInterfaceOrientations_iPhone = "UIInterfaceOrientationPortrait UIInterfaceOrientationLandscapeLeft UIInterfaceOrientationLandscapeRight";
				IPHONEOS_DEPLOYMENT_TARGET = 14.0;
				LD_RUNPATH_SEARCH_PATHS = (
					"$(inherited)",
					"@executable_path/Frameworks",
				);
				MARKETING_VERSION = 1.0;
				PRODUCT_BUNDLE_IDENTIFIER = com.aleksandr.Game1;
				PRODUCT_NAME = "$(TARGET_NAME)";
				SWIFT_EMIT_LOC_STRINGS = YES;
				SWIFT_VERSION = 5.0;
				TARGETED_DEVICE_FAMILY = "1,2";
			};
			name = Release;
		};
/* End XCBuildConfiguration section */

/* Begin XCConfigurationList section */
		1A2E33B12C5BEAEA00F63057 /* Build configuration list for PBXProject "Game1" */ = {
			isa = XCConfigurationList;
			buildConfigurations = (
				1A2E33C82C5BEAEC00F63057 /* Debug */,
				1A2E33C92C5BEAEC00F63057 /* Release */,
			);
			defaultConfigurationIsVisible = 0;
			defaultConfigurationName = Release;
		};
		1A2E33CA2C5BEAEC00F63057 /* Build configuration list for PBXNativeTarget "Game1" */ = {
			isa = XCConfigurationList;
			buildConfigurations = (
				1A2E33CB2C5BEAEC00F63057 /* Debug */,
				1A2E33CC2C5BEAEC00F63057 /* Release */,
			);
			defaultConfigurationIsVisible = 0;
			defaultConfigurationName = Release;
		};
/* End XCConfigurationList section */
	};
	rootObject = 1A2E33AE2C5BEAEA00F63057 /* Project object */;
}
